
Microsoft Visual Studio Solution File, Format Version 12.00
# Visual Studio Version 17
VisualStudioVersion = 17.6.33617.297
MinimumVisualStudioVersion = 10.0.40219.1
Project("{9A19103F-16F7-4668-BE54-9A1E7A4F7556}") = "Bikes.Console", "Bikes.Console\Bikes.Console.csproj", "{F8C2BE1C-BAB4-48C3-99E3-645B97BE2DF7}"
EndProject
Project("{9A19103F-16F7-4668-BE54-9A1E7A4F7556}") = "Bikes.Core", "Bikes.Core\Bikes.Core.csproj", "{491AD129-B2BF-4736-BA80-7927B2BBBE15}"
EndProject
Project("{9A19103F-16F7-4668-BE54-9A1E7A4F7556}") = "Bikes.Test", "Bikes.Test\Bikes.Test.csproj", "{60FAB71D-80E9-4C36-A639-F8121C472442}"
EndProject
Project("{FAE04EC0-301F-11D3-BF4B-00C04F79EFBC}") = "Bikes.API", "Bikes.API\Bikes.API.csproj", "{DEEFF76C-5871-40E1-9788-8CBB7C9F5910}"
EndProject
Global
	GlobalSection(SolutionConfigurationPlatforms) = preSolution
		Debug|Any CPU = Debug|Any CPU
		Release|Any CPU = Release|Any CPU
	EndGlobalSection
	GlobalSection(ProjectConfigurationPlatforms) = postSolution
		{F8C2BE1C-BAB4-48C3-99E3-645B97BE2DF7}.Debug|Any CPU.ActiveCfg = Debug|Any CPU
		{F8C2BE1C-BAB4-48C3-99E3-645B97BE2DF7}.Debug|Any CPU.Build.0 = Debug|Any CPU
		{F8C2BE1C-BAB4-48C3-99E3-645B97BE2DF7}.Release|Any CPU.ActiveCfg = Release|Any CPU
		{F8C2BE1C-BAB4-48C3-99E3-645B97BE2DF7}.Release|Any CPU.Build.0 = Release|Any CPU
		{491AD129-B2BF-4736-BA80-7927B2BBBE15}.Debug|Any CPU.ActiveCfg = Debug|Any CPU
		{491AD129-B2BF-4736-BA80-7927B2BBBE15}.Debug|Any CPU.Build.0 = Debug|Any CPU
		{491AD129-B2BF-4736-BA80-7927B2BBBE15}.Release|Any CPU.ActiveCfg = Release|Any CPU
		{491AD129-B2BF-4736-BA80-7927B2BBBE15}.Release|Any CPU.Build.0 = Release|Any CPU
		{60FAB71D-80E9-4C36-A639-F8121C472442}.Debug|Any CPU.ActiveCfg = Debug|Any CPU
		{60FAB71D-80E9-4C36-A639-F8121C472442}.Debug|Any CPU.Build.0 = Debug|Any CPU
		{60FAB71D-80E9-4C36-A639-F8121C472442}.Release|Any CPU.ActiveCfg = Release|Any CPU
		{60FAB71D-80E9-4C36-A639-F8121C472442}.Release|Any CPU.Build.0 = Release|Any CPU
		{DEEFF76C-5871-40E1-9788-8CBB7C9F5910}.Debug|Any CPU.ActiveCfg = Debug|Any CPU
		{DEEFF76C-5871-40E1-9788-8CBB7C9F5910}.Debug|Any CPU.Build.0 = Debug|Any CPU
		{DEEFF76C-5871-40E1-9788-8CBB7C9F5910}.Release|Any CPU.ActiveCfg = Release|Any CPU
		{DEEFF76C-5871-40E1-9788-8CBB7C9F5910}.Release|Any CPU.Build.0 = Release|Any CPU
	EndGlobalSection
	GlobalSection(SolutionProperties) = preSolution
		HideSolutionNode = FALSE
	EndGlobalSection
	GlobalSection(ExtensibilityGlobals) = postSolution
		SolutionGuid = {9686455E-7B65-4688-8223-0C89D926D865}
	EndGlobalSection
EndGlobal
